// !$*UTF8*$!
{
	archiveVersion = 1;
	classes = {
	};
	objectVersion = 48;
	objects = {

/* Begin PBXBuildFile section */
		7F4F2380209788E6004DBAE9 /* AppDelegate.swift in Sources */ = {isa = PBXBuildFile; fileRef = 7F4F237F209788E6004DBAE9 /* AppDelegate.swift */; };
		7F4F2382209788E6004DBAE9 /* ViewController.swift in Sources */ = {isa = PBXBuildFile; fileRef = 7F4F2381209788E6004DBAE9 /* ViewController.swift */; };
		7F4F2385209788E6004DBAE9 /* Main.storyboard in Resources */ = {isa = PBXBuildFile; fileRef = 7F4F2383209788E6004DBAE9 /* Main.storyboard */; };
		7F4F2387209788E6004DBAE9 /* Assets.xcassets in Resources */ = {isa = PBXBuildFile; fileRef = 7F4F2386209788E6004DBAE9 /* Assets.xcassets */; };
		7F4F238A209788E6004DBAE9 /* LaunchScreen.storyboard in Resources */ = {isa = PBXBuildFile; fileRef = 7F4F2388209788E6004DBAE9 /* LaunchScreen.storyboard */; };
		7F4F2395209788E7004DBAE9 /* SduProjectTests.swift in Sources */ = {isa = PBXBuildFile; fileRef = 7F4F2394209788E7004DBAE9 /* SduProjectTests.swift */; };
		7F4F23A0209788E7004DBAE9 /* SduProjectUITests.swift in Sources */ = {isa = PBXBuildFile; fileRef = 7F4F239F209788E7004DBAE9 /* SduProjectUITests.swift */; };
		7F4F23AF209789D3004DBAE9 /* ClubsController.swift in Sources */ = {isa = PBXBuildFile; fileRef = 7F4F23AE209789D3004DBAE9 /* ClubsController.swift */; };
		7F4F23B120978A74004DBAE9 /* InfoController.swift in Sources */ = {isa = PBXBuildFile; fileRef = 7F4F23B020978A74004DBAE9 /* InfoController.swift */; };
		7F4F23B720978B2F004DBAE9 /* FacultyController.swift in Sources */ = {isa = PBXBuildFile; fileRef = 7F4F23B620978B2F004DBAE9 /* FacultyController.swift */; };
		7F4F23B920978B5D004DBAE9 /* FacultyCell.swift in Sources */ = {isa = PBXBuildFile; fileRef = 7F4F23B820978B5D004DBAE9 /* FacultyCell.swift */; };
		7F4F23BC20978C12004DBAE9 /* FeedController.swift in Sources */ = {isa = PBXBuildFile; fileRef = 7F4F23BB20978C12004DBAE9 /* FeedController.swift */; };
		7F4F23BE20978C52004DBAE9 /* FeedCell.swift in Sources */ = {isa = PBXBuildFile; fileRef = 7F4F23BD20978C52004DBAE9 /* FeedCell.swift */; };
		7F4F23C120978C81004DBAE9 /* GalleryController.swift in Sources */ = {isa = PBXBuildFile; fileRef = 7F4F23C020978C81004DBAE9 /* GalleryController.swift */; };
		7F4F23C320978CBA004DBAE9 /* ImagePreviewVC.swift in Sources */ = {isa = PBXBuildFile; fileRef = 7F4F23C220978CBA004DBAE9 /* ImagePreviewVC.swift */; };
		7F4F23C520978F53004DBAE9 /* ClubCell.swift in Sources */ = {isa = PBXBuildFile; fileRef = 7F4F23C420978F53004DBAE9 /* ClubCell.swift */; };
/* End PBXBuildFile section */

/* Begin PBXContainerItemProxy section */
		7F4F2391209788E7004DBAE9 /* PBXContainerItemProxy */ = {
			isa = PBXContainerItemProxy;
			containerPortal = 7F4F2374209788E6004DBAE9 /* Project object */;
			proxyType = 1;
			remoteGlobalIDString = 7F4F237B209788E6004DBAE9;
			remoteInfo = SduProject;
		};
		7F4F239C209788E7004DBAE9 /* PBXContainerItemProxy */ = {
			isa = PBXContainerItemProxy;
			containerPortal = 7F4F2374209788E6004DBAE9 /* Project object */;
			proxyType = 1;
			remoteGlobalIDString = 7F4F237B209788E6004DBAE9;
			remoteInfo = SduProject;
		};
/* End PBXContainerItemProxy section */

/* Begin PBXFileReference section */
		7F4F237C209788E6004DBAE9 /* SduProject.app */ = {isa = PBXFileReference; explicitFileType = wrapper.application; includeInIndex = 0; path = SduProject.app; sourceTree = BUILT_PRODUCTS_DIR; };
		7F4F237F209788E6004DBAE9 /* AppDelegate.swift */ = {isa = PBXFileReference; lastKnownFileType = sourcecode.swift; path = AppDelegate.swift; sourceTree = "<group>"; };
		7F4F2381209788E6004DBAE9 /* ViewController.swift */ = {isa = PBXFileReference; lastKnownFileType = sourcecode.swift; path = ViewController.swift; sourceTree = "<group>"; };
		7F4F2384209788E6004DBAE9 /* Base */ = {isa = PBXFileReference; lastKnownFileType = file.storyboard; name = Base; path = Base.lproj/Main.storyboard; sourceTree = "<group>"; };
		7F4F2386209788E6004DBAE9 /* Assets.xcassets */ = {isa = PBXFileReference; lastKnownFileType = folder.assetcatalog; path = Assets.xcassets; sourceTree = "<group>"; };
		7F4F2389209788E6004DBAE9 /* Base */ = {isa = PBXFileReference; lastKnownFileType = file.storyboard; name = Base; path = Base.lproj/LaunchScreen.storyboard; sourceTree = "<group>"; };
		7F4F238B209788E6004DBAE9 /* Info.plist */ = {isa = PBXFileReference; lastKnownFileType = text.plist.xml; path = Info.plist; sourceTree = "<group>"; };
		7F4F2390209788E7004DBAE9 /* SduProjectTests.xctest */ = {isa = PBXFileReference; explicitFileType = wrapper.cfbundle; includeInIndex = 0; path = SduProjectTests.xctest; sourceTree = BUILT_PRODUCTS_DIR; };
		7F4F2394209788E7004DBAE9 /* SduProjectTests.swift */ = {isa = PBXFileReference; lastKnownFileType = sourcecode.swift; path = SduProjectTests.swift; sourceTree = "<group>"; };
		7F4F2396209788E7004DBAE9 /* Info.plist */ = {isa = PBXFileReference; lastKnownFileType = text.plist.xml; path = Info.plist; sourceTree = "<group>"; };
		7F4F239B209788E7004DBAE9 /* SduProjectUITests.xctest */ = {isa = PBXFileReference; explicitFileType = wrapper.cfbundle; includeInIndex = 0; path = SduProjectUITests.xctest; sourceTree = BUILT_PRODUCTS_DIR; };
		7F4F239F209788E7004DBAE9 /* SduProjectUITests.swift */ = {isa = PBXFileReference; lastKnownFileType = sourcecode.swift; path = SduProjectUITests.swift; sourceTree = "<group>"; };
		7F4F23A1209788E7004DBAE9 /* Info.plist */ = {isa = PBXFileReference; lastKnownFileType = text.plist.xml; path = Info.plist; sourceTree = "<group>"; };
		7F4F23AE209789D3004DBAE9 /* ClubsController.swift */ = {isa = PBXFileReference; lastKnownFileType = sourcecode.swift; path = ClubsController.swift; sourceTree = "<group>"; };
		7F4F23B020978A74004DBAE9 /* InfoController.swift */ = {isa = PBXFileReference; lastKnownFileType = sourcecode.swift; path = InfoController.swift; sourceTree = "<group>"; };
		7F4F23B620978B2F004DBAE9 /* FacultyController.swift */ = {isa = PBXFileReference; lastKnownFileType = sourcecode.swift; path = FacultyController.swift; sourceTree = "<group>"; };
		7F4F23B820978B5D004DBAE9 /* FacultyCell.swift */ = {isa = PBXFileReference; lastKnownFileType = sourcecode.swift; path = FacultyCell.swift; sourceTree = "<group>"; };
		7F4F23BB20978C12004DBAE9 /* FeedController.swift */ = {isa = PBXFileReference; lastKnownFileType = sourcecode.swift; path = FeedController.swift; sourceTree = "<group>"; };
		7F4F23BD20978C52004DBAE9 /* FeedCell.swift */ = {isa = PBXFileReference; lastKnownFileType = sourcecode.swift; path = FeedCell.swift; sourceTree = "<group>"; };
		7F4F23C020978C81004DBAE9 /* GalleryController.swift */ = {isa = PBXFileReference; lastKnownFileType = sourcecode.swift; path = GalleryController.swift; sourceTree = "<group>"; };
		7F4F23C220978CBA004DBAE9 /* ImagePreviewVC.swift */ = {isa = PBXFileReference; lastKnownFileType = sourcecode.swift; path = ImagePreviewVC.swift; sourceTree = "<group>"; };
		7F4F23C420978F53004DBAE9 /* ClubCell.swift */ = {isa = PBXFileReference; lastKnownFileType = sourcecode.swift; path = ClubCell.swift; sourceTree = "<group>"; };
/* End PBXFileReference section */

/* Begin PBXFrameworksBuildPhase section */
		7F4F2379209788E6004DBAE9 /* Frameworks */ = {
			isa = PBXFrameworksBuildPhase;
			buildActionMask = 2147483647;
			files = (
			);
			runOnlyForDeploymentPostprocessing = 0;
		};
		7F4F238D209788E7004DBAE9 /* Frameworks */ = {
			isa = PBXFrameworksBuildPhase;
			buildActionMask = 2147483647;
			files = (
			);
			runOnlyForDeploymentPostprocessing = 0;
		};
		7F4F2398209788E7004DBAE9 /* Frameworks */ = {
			isa = PBXFrameworksBuildPhase;
			buildActionMask = 2147483647;
			files = (
			);
			runOnlyForDeploymentPostprocessing = 0;
		};
/* End PBXFrameworksBuildPhase section */

/* Begin PBXGroup section */
		7F4F2373209788E6004DBAE9 = {
			isa = PBXGroup;
			children = (
				7F4F237E209788E6004DBAE9 /* SduProject */,
				7F4F2393209788E7004DBAE9 /* SduProjectTests */,
				7F4F239E209788E7004DBAE9 /* SduProjectUITests */,
				7F4F237D209788E6004DBAE9 /* Products */,
			);
			sourceTree = "<group>";
		};
		7F4F237D209788E6004DBAE9 /* Products */ = {
			isa = PBXGroup;
			children = (
				7F4F237C209788E6004DBAE9 /* SduProject.app */,
				7F4F2390209788E7004DBAE9 /* SduProjectTests.xctest */,
				7F4F239B209788E7004DBAE9 /* SduProjectUITests.xctest */,
			);
			name = Products;
			sourceTree = "<group>";
		};
		7F4F237E209788E6004DBAE9 /* SduProject */ = {
			isa = PBXGroup;
			children = (
				7F4F23BF20978C6E004DBAE9 /* Gallery */,
				7F4F23BA20978BF3004DBAE9 /* Feeds */,
				7F4F23B520978B13004DBAE9 /* Faculties */,
				7F4F23AD2097894B004DBAE9 /* Clubs */,
				7F4F237F209788E6004DBAE9 /* AppDelegate.swift */,
				7F4F2381209788E6004DBAE9 /* ViewController.swift */,
				7F4F2383209788E6004DBAE9 /* Main.storyboard */,
				7F4F2386209788E6004DBAE9 /* Assets.xcassets */,
				7F4F2388209788E6004DBAE9 /* LaunchScreen.storyboard */,
				7F4F238B209788E6004DBAE9 /* Info.plist */,
			);
			path = SduProject;
			sourceTree = "<group>";
		};
		7F4F2393209788E7004DBAE9 /* SduProjectTests */ = {
			isa = PBXGroup;
			children = (
				7F4F2394209788E7004DBAE9 /* SduProjectTests.swift */,
				7F4F2396209788E7004DBAE9 /* Info.plist */,
			);
			path = SduProjectTests;
			sourceTree = "<group>";
		};
		7F4F239E209788E7004DBAE9 /* SduProjectUITests */ = {
			isa = PBXGroup;
			children = (
				7F4F239F209788E7004DBAE9 /* SduProjectUITests.swift */,
				7F4F23A1209788E7004DBAE9 /* Info.plist */,
			);
			path = SduProjectUITests;
			sourceTree = "<group>";
		};
		7F4F23AD2097894B004DBAE9 /* Clubs */ = {
			isa = PBXGroup;
			children = (
				7F4F23AE209789D3004DBAE9 /* ClubsController.swift */,
				7F4F23B020978A74004DBAE9 /* InfoController.swift */,
				7F4F23C420978F53004DBAE9 /* ClubCell.swift */,
			);
			path = Clubs;
			sourceTree = "<group>";
		};
		7F4F23B520978B13004DBAE9 /* Faculties */ = {
			isa = PBXGroup;
			children = (
				7F4F23B620978B2F004DBAE9 /* FacultyController.swift */,
				7F4F23B820978B5D004DBAE9 /* FacultyCell.swift */,
			);
			path = Faculties;
			sourceTree = "<group>";
		};
		7F4F23BA20978BF3004DBAE9 /* Feeds */ = {
			isa = PBXGroup;
			children = (
				7F4F23BB20978C12004DBAE9 /* FeedController.swift */,
				7F4F23BD20978C52004DBAE9 /* FeedCell.swift */,
			);
			path = Feeds;
			sourceTree = "<group>";
		};
		7F4F23BF20978C6E004DBAE9 /* Gallery */ = {
			isa = PBXGroup;
			children = (
				7F4F23C020978C81004DBAE9 /* GalleryController.swift */,
				7F4F23C220978CBA004DBAE9 /* ImagePreviewVC.swift */,
			);
			path = Gallery;
			sourceTree = "<group>";
		};
/* End PBXGroup section */

/* Begin PBXNativeTarget section */
		7F4F237B209788E6004DBAE9 /* SduProject */ = {
			isa = PBXNativeTarget;
			buildConfigurationList = 7F4F23A4209788E7004DBAE9 /* Build configuration list for PBXNativeTarget "SduProject" */;
			buildPhases = (
				7F4F2378209788E6004DBAE9 /* Sources */,
				7F4F2379209788E6004DBAE9 /* Frameworks */,
				7F4F237A209788E6004DBAE9 /* Resources */,
			);
			buildRules = (
			);
			dependencies = (
			);
			name = SduProject;
			productName = SduProject;
			productReference = 7F4F237C209788E6004DBAE9 /* SduProject.app */;
			productType = "com.apple.product-type.application";
		};
		7F4F238F209788E7004DBAE9 /* SduProjectTests */ = {
			isa = PBXNativeTarget;
			buildConfigurationList = 7F4F23A7209788E7004DBAE9 /* Build configuration list for PBXNativeTarget "SduProjectTests" */;
			buildPhases = (
				7F4F238C209788E7004DBAE9 /* Sources */,
				7F4F238D209788E7004DBAE9 /* Frameworks */,
				7F4F238E209788E7004DBAE9 /* Resources */,
			);
			buildRules = (
			);
			dependencies = (
				7F4F2392209788E7004DBAE9 /* PBXTargetDependency */,
			);
			name = SduProjectTests;
			productName = SduProjectTests;
			productReference = 7F4F2390209788E7004DBAE9 /* SduProjectTests.xctest */;
			productType = "com.apple.product-type.bundle.unit-test";
		};
		7F4F239A209788E7004DBAE9 /* SduProjectUITests */ = {
			isa = PBXNativeTarget;
			buildConfigurationList = 7F4F23AA209788E7004DBAE9 /* Build configuration list for PBXNativeTarget "SduProjectUITests" */;
			buildPhases = (
				7F4F2397209788E7004DBAE9 /* Sources */,
				7F4F2398209788E7004DBAE9 /* Frameworks */,
				7F4F2399209788E7004DBAE9 /* Resources */,
			);
			buildRules = (
			);
			dependencies = (
				7F4F239D209788E7004DBAE9 /* PBXTargetDependency */,
			);
			name = SduProjectUITests;
			productName = SduProjectUITests;
			productReference = 7F4F239B209788E7004DBAE9 /* SduProjectUITests.xctest */;
			productType = "com.apple.product-type.bundle.ui-testing";
		};
/* End PBXNativeTarget section */

/* Begin PBXProject section */
		7F4F2374209788E6004DBAE9 /* Project object */ = {
			isa = PBXProject;
			attributes = {
				LastSwiftUpdateCheck = 0920;
				LastUpgradeCheck = 0920;
				ORGANIZATIONNAME = "Eldor Makkambaev";
				TargetAttributes = {
					7F4F237B209788E6004DBAE9 = {
						CreatedOnToolsVersion = 9.2;
						ProvisioningStyle = Automatic;
					};
					7F4F238F209788E7004DBAE9 = {
						CreatedOnToolsVersion = 9.2;
						ProvisioningStyle = Automatic;
						TestTargetID = 7F4F237B209788E6004DBAE9;
					};
					7F4F239A209788E7004DBAE9 = {
						CreatedOnToolsVersion = 9.2;
						ProvisioningStyle = Automatic;
						TestTargetID = 7F4F237B209788E6004DBAE9;
					};
				};
			};
			buildConfigurationList = 7F4F2377209788E6004DBAE9 /* Build configuration list for PBXProject "SduProject" */;
			compatibilityVersion = "Xcode 8.0";
			developmentRegion = en;
			hasScannedForEncodings = 0;
			knownRegions = (
				en,
				Base,
			);
			mainGroup = 7F4F2373209788E6004DBAE9;
			productRefGroup = 7F4F237D209788E6004DBAE9 /* Products */;
			projectDirPath = "";
			projectRoot = "";
			targets = (
				7F4F237B209788E6004DBAE9 /* SduProject */,
				7F4F238F209788E7004DBAE9 /* SduProjectTests */,
				7F4F239A209788E7004DBAE9 /* SduProjectUITests */,
			);
		};
/* End PBXProject section */

/* Begin PBXResourcesBuildPhase section */
		7F4F237A209788E6004DBAE9 /* Resources */ = {
			isa = PBXResourcesBuildPhase;
			buildActionMask = 2147483647;
			files = (
				7F4F238A209788E6004DBAE9 /* LaunchScreen.storyboard in Resources */,
				7F4F2387209788E6004DBAE9 /* Assets.xcassets in Resources */,
				7F4F2385209788E6004DBAE9 /* Main.storyboard in Resources */,
			);
			runOnlyForDeploymentPostprocessing = 0;
		};
		7F4F238E209788E7004DBAE9 /* Resources */ = {
			isa = PBXResourcesBuildPhase;
			buildActionMask = 2147483647;
			files = (
			);
			runOnlyForDeploymentPostprocessing = 0;
		};
		7F4F2399209788E7004DBAE9 /* Resources */ = {
			isa = PBXResourcesBuildPhase;
			buildActionMask = 2147483647;
			files = (
			);
			runOnlyForDeploymentPostprocessing = 0;
		};
/* End PBXResourcesBuildPhase section */

/* Begin PBXSourcesBuildPhase section */
		7F4F2378209788E6004DBAE9 /* Sources */ = {
			isa = PBXSourcesBuildPhase;
			buildActionMask = 2147483647;
			files = (
				7F4F23C120978C81004DBAE9 /* GalleryController.swift in Sources */,
				7F4F2382209788E6004DBAE9 /* ViewController.swift in Sources */,
				7F4F2380209788E6004DBAE9 /* AppDelegate.swift in Sources */,
				7F4F23AF209789D3004DBAE9 /* ClubsController.swift in Sources */,
				7F4F23C320978CBA004DBAE9 /* ImagePreviewVC.swift in Sources */,
				7F4F23B920978B5D004DBAE9 /* FacultyCell.swift in Sources */,
				7F4F23B720978B2F004DBAE9 /* FacultyController.swift in Sources */,
				7F4F23B120978A74004DBAE9 /* InfoController.swift in Sources */,
				7F4F23C520978F53004DBAE9 /* ClubCell.swift in Sources */,
				7F4F23BC20978C12004DBAE9 /* FeedController.swift in Sources */,
				7F4F23BE20978C52004DBAE9 /* FeedCell.swift in Sources */,
			);
			runOnlyForDeploymentPostprocessing = 0;
		};
		7F4F238C209788E7004DBAE9 /* Sources */ = {
			isa = PBXSourcesBuildPhase;
			buildActionMask = 2147483647;
			files = (
				7F4F2395209788E7004DBAE9 /* SduProjectTests.swift in Sources */,
			);
			runOnlyForDeploymentPostprocessing = 0;
		};
		7F4F2397209788E7004DBAE9 /* Sources */ = {
			isa = PBXSourcesBuildPhase;
			buildActionMask = 2147483647;
			files = (
				7F4F23A0209788E7004DBAE9 /* SduProjectUITests.swift in Sources */,
			);
			runOnlyForDeploymentPostprocessing = 0;
		};
/* End PBXSourcesBuildPhase section */

/* Begin PBXTargetDependency section */
		7F4F2392209788E7004DBAE9 /* PBXTargetDependency */ = {
			isa = PBXTargetDependency;
			target = 7F4F237B209788E6004DBAE9 /* SduProject */;
			targetProxy = 7F4F2391209788E7004DBAE9 /* PBXContainerItemProxy */;
		};
		7F4F239D209788E7004DBAE9 /* PBXTargetDependency */ = {
			isa = PBXTargetDependency;
			target = 7F4F237B209788E6004DBAE9 /* SduProject */;
			targetProxy = 7F4F239C209788E7004DBAE9 /* PBXContainerItemProxy */;
		};
/* End PBXTargetDependency section */

/* Begin PBXVariantGroup section */
		7F4F2383209788E6004DBAE9 /* Main.storyboard */ = {
			isa = PBXVariantGroup;
			children = (
				7F4F2384209788E6004DBAE9 /* Base */,
			);
			name = Main.storyboard;
			sourceTree = "<group>";
		};
		7F4F2388209788E6004DBAE9 /* LaunchScreen.storyboard */ = {
			isa = PBXVariantGroup;
			children = (
				7F4F2389209788E6004DBAE9 /* Base */,
			);
			name = LaunchScreen.storyboard;
			sourceTree = "<group>";
		};
/* End PBXVariantGroup section */

/* Begin XCBuildConfiguration section */
		7F4F23A2209788E7004DBAE9 /* Debug */ = {
			isa = XCBuildConfiguration;
			buildSettings = {
				ALWAYS_SEARCH_USER_PATHS = NO;
				CLANG_ANALYZER_NONNULL = YES;
				CLANG_ANALYZER_NUMBER_OBJECT_CONVERSION = YES_AGGRESSIVE;
				CLANG_CXX_LANGUAGE_STANDARD = "gnu++14";
				CLANG_CXX_LIBRARY = "libc++";
				CLANG_ENABLE_MODULES = YES;
				CLANG_ENABLE_OBJC_ARC = YES;
				CLANG_WARN_BLOCK_CAPTURE_AUTORELEASING = YES;
				CLANG_WARN_BOOL_CONVERSION = YES;
				CLANG_WARN_COMMA = YES;
				CLANG_WARN_CONSTANT_CONVERSION = YES;
				CLANG_WARN_DIRECT_OBJC_ISA_USAGE = YES_ERROR;
				CLANG_WARN_DOCUMENTATION_COMMENTS = YES;
				CLANG_WARN_EMPTY_BODY = YES;
				CLANG_WARN_ENUM_CONVERSION = YES;
				CLANG_WARN_INFINITE_RECURSION = YES;
				CLANG_WARN_INT_CONVERSION = YES;
				CLANG_WARN_NON_LITERAL_NULL_CONVERSION = YES;
				CLANG_WARN_OBJC_LITERAL_CONVERSION = YES;
				CLANG_WARN_OBJC_ROOT_CLASS = YES_ERROR;
				CLANG_WARN_RANGE_LOOP_ANALYSIS = YES;
				CLANG_WARN_STRICT_PROTOTYPES = YES;
				CLANG_WARN_SUSPICIOUS_MOVE = YES;
				CLANG_WARN_UNGUARDED_AVAILABILITY = YES_AGGRESSIVE;
				CLANG_WARN_UNREACHABLE_CODE = YES;
				CLANG_WARN__DUPLICATE_METHOD_MATCH = YES;
				CODE_SIGN_IDENTITY = "iPhone Developer";
				COPY_PHASE_STRIP = NO;
				DEBUG_INFORMATION_FORMAT = dwarf;
				ENABLE_STRICT_OBJC_MSGSEND = YES;
				ENABLE_TESTABILITY = YES;
				GCC_C_LANGUAGE_STANDARD = gnu11;
				GCC_DYNAMIC_NO_PIC = NO;
				GCC_NO_COMMON_BLOCKS = YES;
				GCC_OPTIMIZATION_LEVEL = 0;
				GCC_PREPROCESSOR_DEFINITIONS = (
					"DEBUG=1",
					"$(inherited)",
				);
				GCC_WARN_64_TO_32_BIT_CONVERSION = YES;
				GCC_WARN_ABOUT_RETURN_TYPE = YES_ERROR;
				GCC_WARN_UNDECLARED_SELECTOR = YES;
				GCC_WARN_UNINITIALIZED_AUTOS = YES_AGGRESSIVE;
				GCC_WARN_UNUSED_FUNCTION = YES;
				GCC_WARN_UNUSED_VARIABLE = YES;
				IPHONEOS_DEPLOYMENT_TARGET = 11.2;
				MTL_ENABLE_DEBUG_INFO = YES;
				ONLY_ACTIVE_ARCH = YES;
				SDKROOT = iphoneos;
				SWIFT_ACTIVE_COMPILATION_CONDITIONS = DEBUG;
				SWIFT_OPTIMIZATION_LEVEL = "-Onone";
			};
			name = Debug;
		};
		7F4F23A3209788E7004DBAE9 /* Release */ = {
			isa = XCBuildConfiguration;
			buildSettings = {
				ALWAYS_SEARCH_USER_PATHS = NO;
				CLANG_ANALYZER_NONNULL = YES;
				CLANG_ANALYZER_NUMBER_OBJECT_CONVERSION = YES_AGGRESSIVE;
				CLANG_CXX_LANGUAGE_STANDARD = "gnu++14";
				CLANG_CXX_LIBRARY = "libc++";
				CLANG_ENABLE_MODULES = YES;
				CLANG_ENABLE_OBJC_ARC = YES;
				CLANG_WARN_BLOCK_CAPTURE_AUTORELEASING = YES;
				CLANG_WARN_BOOL_CONVERSION = YES;
				CLANG_WARN_COMMA = YES;
				CLANG_WARN_CONSTANT_CONVERSION = YES;
				CLANG_WARN_DIRECT_OBJC_ISA_USAGE = YES_ERROR;
				CLANG_WARN_DOCUMENTATION_COMMENTS = YES;
				CLANG_WARN_EMPTY_BODY = YES;
				CLANG_WARN_ENUM_CONVERSION = YES;
				CLANG_WARN_INFINITE_RECURSION = YES;
				CLANG_WARN_INT_CONVERSION = YES;
				CLANG_WARN_NON_LITERAL_NULL_CONVERSION = YES;
				CLANG_WARN_OBJC_LITERAL_CONVERSION = YES;
				CLANG_WARN_OBJC_ROOT_CLASS = YES_ERROR;
				CLANG_WARN_RANGE_LOOP_ANALYSIS = YES;
				CLANG_WARN_STRICT_PROTOTYPES = YES;
				CLANG_WARN_SUSPICIOUS_MOVE = YES;
				CLANG_WARN_UNGUARDED_AVAILABILITY = YES_AGGRESSIVE;
				CLANG_WARN_UNREACHABLE_CODE = YES;
				CLANG_WARN__DUPLICATE_METHOD_MATCH = YES;
				CODE_SIGN_IDENTITY = "iPhone Developer";
				COPY_PHASE_STRIP = NO;
				DEBUG_INFORMATION_FORMAT = "dwarf-with-dsym";
				ENABLE_NS_ASSERTIONS = NO;
				ENABLE_STRICT_OBJC_MSGSEND = YES;
				GCC_C_LANGUAGE_STANDARD = gnu11;
				GCC_NO_COMMON_BLOCKS = YES;
				GCC_WARN_64_TO_32_BIT_CONVERSION = YES;
				GCC_WARN_ABOUT_RETURN_TYPE = YES_ERROR;
				GCC_WARN_UNDECLARED_SELECTOR = YES;
				GCC_WARN_UNINITIALIZED_AUTOS = YES_AGGRESSIVE;
				GCC_WARN_UNUSED_FUNCTION = YES;
				GCC_WARN_UNUSED_VARIABLE = YES;
				IPHONEOS_DEPLOYMENT_TARGET = 11.2;
				MTL_ENABLE_DEBUG_INFO = NO;
				SDKROOT = iphoneos;
				SWIFT_OPTIMIZATION_LEVEL = "-Owholemodule";
				VALIDATE_PRODUCT = YES;
			};
			name = Release;
		};
		7F4F23A5209788E7004DBAE9 /* Debug */ = {
			isa = XCBuildConfiguration;
			buildSettings = {
				ASSETCATALOG_COMPILER_APPICON_NAME = AppIcon;
				CODE_SIGN_STYLE = Automatic;
				DEVELOPMENT_TEAM = QHSFV75A2K;
				INFOPLIST_FILE = SduProject/Info.plist;
				LD_RUNPATH_SEARCH_PATHS = "$(inherited) @executable_path/Frameworks";
				PRODUCT_BUNDLE_IDENTIFIER = APS.SduProject;
				PRODUCT_NAME = "$(TARGET_NAME)";
				SWIFT_VERSION = 4.0;
				TARGETED_DEVICE_FAMILY = "1,2";
			};
			name = Debug;
		};
		7F4F23A6209788E7004DBAE9 /* Release */ = {
			isa = XCBuildConfiguration;
			buildSettings = {
				ASSETCATALOG_COMPILER_APPICON_NAME = AppIcon;
				CODE_SIGN_STYLE = Automatic;
				DEVELOPMENT_TEAM = QHSFV75A2K;
				INFOPLIST_FILE = SduProject/Info.plist;
				LD_RUNPATH_SEARCH_PATHS = "$(inherited) @executable_path/Frameworks";
				PRODUCT_BUNDLE_IDENTIFIER = APS.SduProject;
				PRODUCT_NAME = "$(TARGET_NAME)";
				SWIFT_VERSION = 4.0;
				TARGETED_DEVICE_FAMILY = "1,2";
			};
			name = Release;
		};
		7F4F23A8209788E7004DBAE9 /* Debug */ = {
			isa = XCBuildConfiguration;
			buildSettings = {
				ALWAYS_EMBED_SWIFT_STANDARD_LIBRARIES = YES;
				BUNDLE_LOADER = "$(TEST_HOST)";
				CODE_SIGN_STYLE = Automatic;
				DEVELOPMENT_TEAM = QHSFV75A2K;
				INFOPLIST_FILE = SduProjectTests/Info.plist;
				LD_RUNPATH_SEARCH_PATHS = "$(inherited) @executable_path/Frameworks @loader_path/Frameworks";
				PRODUCT_BUNDLE_IDENTIFIER = APS.SduProjectTests;
				PRODUCT_NAME = "$(TARGET_NAME)";
				SWIFT_VERSION = 4.0;
				TARGETED_DEVICE_FAMILY = "1,2";
				TEST_HOST = "$(BUILT_PRODUCTS_DIR)/SduProject.app/SduProject";
			};
			name = Debug;
		};
		7F4F23A9209788E7004DBAE9 /* Release */ = {
			isa = XCBuildConfiguration;
			buildSettings = {
				ALWAYS_EMBED_SWIFT_STANDARD_LIBRARIES = YES;
				BUNDLE_LOADER = "$(TEST_HOST)";
				CODE_SIGN_STYLE = Automatic;
				DEVELOPMENT_TEAM = QHSFV75A2K;
				INFOPLIST_FILE = SduProjectTests/Info.plist;
				LD_RUNPATH_SEARCH_PATHS = "$(inherited) @executable_path/Frameworks @loader_path/Frameworks";
				PRODUCT_BUNDLE_IDENTIFIER = APS.SduProjectTests;
				PRODUCT_NAME = "$(TARGET_NAME)";
				SWIFT_VERSION = 4.0;
				TARGETED_DEVICE_FAMILY = "1,2";
				TEST_HOST = "$(BUILT_PRODUCTS_DIR)/SduProject.app/SduProject";
			};
			name = Release;
		};
		7F4F23AB209788E7004DBAE9 /* Debug */ = {
			isa = XCBuildConfiguration;
			buildSettings = {
				ALWAYS_EMBED_SWIFT_STANDARD_LIBRARIES = YES;
				CODE_SIGN_STYLE = Automatic;
				DEVELOPMENT_TEAM = QHSFV75A2K;
				INFOPLIST_FILE = SduProjectUITests/Info.plist;
				LD_RUNPATH_SEARCH_PATHS = "$(inherited) @executable_path/Frameworks @loader_path/Frameworks";
				PRODUCT_BUNDLE_IDENTIFIER = APS.SduProjectUITests;
				PRODUCT_NAME = "$(TARGET_NAME)";
				SWIFT_VERSION = 4.0;
				TARGETED_DEVICE_FAMILY = "1,2";
				TEST_TARGET_NAME = SduProject;
			};
			name = Debug;
		};
		7F4F23AC209788E7004DBAE9 /* Release */ = {
			isa = XCBuildConfiguration;
			buildSettings = {
				ALWAYS_EMBED_SWIFT_STANDARD_LIBRARIES = YES;
				CODE_SIGN_STYLE = Automatic;
				DEVELOPMENT_TEAM = QHSFV75A2K;
				INFOPLIST_FILE = SduProjectUITests/Info.plist;
				LD_RUNPATH_SEARCH_PATHS = "$(inherited) @executable_path/Frameworks @loader_path/Frameworks";
				PRODUCT_BUNDLE_IDENTIFIER = APS.SduProjectUITests;
				PRODUCT_NAME = "$(TARGET_NAME)";
				SWIFT_VERSION = 4.0;
				TARGETED_DEVICE_FAMILY = "1,2";
				TEST_TARGET_NAME = SduProject;
			};
			name = Release;
		};
/* End XCBuildConfiguration section */

/* Begin XCConfigurationList section */
		7F4F2377209788E6004DBAE9 /* Build configuration list for PBXProject "SduProject" */ = {
			isa = XCConfigurationList;
			buildConfigurations = (
				7F4F23A2209788E7004DBAE9 /* Debug */,
				7F4F23A3209788E7004DBAE9 /* Release */,
			);
			defaultConfigurationIsVisible = 0;
			defaultConfigurationName = Release;
		};
		7F4F23A4209788E7004DBAE9 /* Build configuration list for PBXNativeTarget "SduProject" */ = {
			isa = XCConfigurationList;
			buildConfigurations = (
				7F4F23A5209788E7004DBAE9 /* Debug */,
				7F4F23A6209788E7004DBAE9 /* Release */,
			);
			defaultConfigurationIsVisible = 0;
			defaultConfigurationName = Release;
		};
		7F4F23A7209788E7004DBAE9 /* Build configuration list for PBXNativeTarget "SduProjectTests" */ = {
			isa = XCConfigurationList;
			buildConfigurations = (
				7F4F23A8209788E7004DBAE9 /* Debug */,
				7F4F23A9209788E7004DBAE9 /* Release */,
			);
			defaultConfigurationIsVisible = 0;
			defaultConfigurationName = Release;
		};
		7F4F23AA209788E7004DBAE9 /* Build configuration list for PBXNativeTarget "SduProjectUITests" */ = {
			isa = XCConfigurationList;
			buildConfigurations = (
				7F4F23AB209788E7004DBAE9 /* Debug */,
				7F4F23AC209788E7004DBAE9 /* Release */,
			);
			defaultConfigurationIsVisible = 0;
			defaultConfigurationName = Release;
		};
/* End XCConfigurationList section */
	};
	rootObject = 7F4F2374209788E6004DBAE9 /* Project object */;
}
